
Microsoft Visual Studio Solution File, Format Version 10.00
# Visual Studio 2008
Project("{8BC9CEB8-8B4A-11D0-8D11-00A0C91BC942}") = "win32util", "win32util.vcproj", "{72381DA9-BDD7-4004-84DD-45EC65C51772}"
EndProject
Global
	GlobalSection(SolutionConfigurationPlatforms) = preSolution
		Debug|Win32 = Debug|Win32
		Release|Win32 = Release|Win32
	EndGlobalSection
	GlobalSection(ProjectConfigurationPlatforms) = postSolution
		{72381DA9-BDD7-4004-84DD-45EC65C51772}.Debug|Win32.ActiveCfg = Debug|Win32
		{72381DA9-BDD7-4004-84DD-45EC65C51772}.Debug|Win32.Build.0 = Debug|Win32
		{72381DA9-BDD7-4004-84DD-45EC65C51772}.Release|Win32.ActiveCfg = Release|Win32
		{72381DA9-BDD7-4004-84DD-45EC65C51772}.Release|Win32.Build.0 = Release|Win32
	EndGlobalSection
	GlobalSection(SolutionProperties) = preSolution
		HideSolutionNode = FALSE
	EndGlobalSection
EndGlobal
